
Microsoft Visual Studio Solution File, Format Version 12.00
# Visual Studio 15
VisualStudioVersion = 15.0.27703.2042
MinimumVisualStudioVersion = 10.0.40219.1
Project("{FAE04EC0-301F-11D3-BF4B-00C04F79EFBC}") = "Klondike", "Klondike\Klondike.csproj", "{55209AC1-F466-4D91-8CD6-93B4B05D67D1}"
EndProject
Global
	GlobalSection(SolutionConfigurationPlatforms) = preSolution
		Debug|Any CPU = Debug|Any CPU
		Release|Any CPU = Release|Any CPU
	EndGlobalSection
	GlobalSection(ProjectConfigurationPlatforms) = postSolution
		{55209AC1-F466-4D91-8CD6-93B4B05D67D1}.Debug|Any CPU.ActiveCfg = Debug|Any CPU
		{55209AC1-F466-4D91-8CD6-93B4B05D67D1}.Debug|Any CPU.Build.0 = Debug|Any CPU
		{55209AC1-F466-4D91-8CD6-93B4B05D67D1}.Release|Any CPU.ActiveCfg = Release|Any CPU
		{55209AC1-F466-4D91-8CD6-93B4B05D67D1}.Release|Any CPU.Build.0 = Release|Any CPU
	EndGlobalSection
	GlobalSection(SolutionProperties) = preSolution
		HideSolutionNode = FALSE
	EndGlobalSection
	GlobalSection(ExtensibilityGlobals) = postSolution
		SolutionGuid = {335C29E4-3EA0-4989-ACE9-498F71F83AAD}
	EndGlobalSection
EndGlobal
